
Microsoft Visual Studio Solution File, Format Version 12.00
Project("{FAE04EC0-301F-11D3-BF4B-00C04F79EFBC}") = "UnifiedAlternateInstaller", "UnifiedAlternateInstaller\UnifiedAlternateInstaller.csproj", "{8C2D47B0-71FF-4E2C-8731-5A56316CBD05}"
EndProject
Global
	GlobalSection(SolutionConfigurationPlatforms) = preSolution
		Debug|Any CPU = Debug|Any CPU
		Release|Any CPU = Release|Any CPU
	EndGlobalSection
	GlobalSection(ProjectConfigurationPlatforms) = postSolution
		{8C2D47B0-71FF-4E2C-8731-5A56316CBD05}.Debug|Any CPU.ActiveCfg = Debug|Any CPU
		{8C2D47B0-71FF-4E2C-8731-5A56316CBD05}.Debug|Any CPU.Build.0 = Debug|Any CPU
		{8C2D47B0-71FF-4E2C-8731-5A56316CBD05}.Release|Any CPU.ActiveCfg = Release|Any CPU
		{8C2D47B0-71FF-4E2C-8731-5A56316CBD05}.Release|Any CPU.Build.0 = Release|Any CPU
	EndGlobalSection
EndGlobal
